
Microsoft Visual Studio Solution File, Format Version 12.00
# Visual Studio Version 17
VisualStudioVersion = 17.2.32630.192
MinimumVisualStudioVersion = 10.0.40219.1
Project("{FAE04EC0-301F-11D3-BF4B-00C04F79EFBC}") = "equacaoDoSegundoGaru", "equacaoDoSegundoGaru\equacaoDoSegundoGaru.csproj", "{A6D0A289-279E-46D3-8322-BFC16814A086}"
EndProject
Global
	GlobalSection(SolutionConfigurationPlatforms) = preSolution
		Debug|Any CPU = Debug|Any CPU
		Release|Any CPU = Release|Any CPU
	EndGlobalSection
	GlobalSection(ProjectConfigurationPlatforms) = postSolution
		{A6D0A289-279E-46D3-8322-BFC16814A086}.Debug|Any CPU.ActiveCfg = Debug|Any CPU
		{A6D0A289-279E-46D3-8322-BFC16814A086}.Debug|Any CPU.Build.0 = Debug|Any CPU
		{A6D0A289-279E-46D3-8322-BFC16814A086}.Release|Any CPU.ActiveCfg = Release|Any CPU
		{A6D0A289-279E-46D3-8322-BFC16814A086}.Release|Any CPU.Build.0 = Release|Any CPU
	EndGlobalSection
	GlobalSection(SolutionProperties) = preSolution
		HideSolutionNode = FALSE
	EndGlobalSection
	GlobalSection(ExtensibilityGlobals) = postSolution
		SolutionGuid = {A62CF17C-132B-4B65-B77D-7B4F140AA26F}
	EndGlobalSection
EndGlobal
